<?xml version="1.0" encoding="utf-8"?>
<Project ToolsVersion="4.0" xmlns="http://schemas.microsoft.com/developer/msbuild/2003">
  <ItemGroup>
    <Filter Include="Source Files">
      <UniqueIdentifier>{4FC737F1-C7A5-4376-A066-2A32D752A2FF}</UniqueIdentifier>
      <Extensions>cpp;c;cc;cxx;c++;cppm;ixx;def;odl;idl;hpj;bat;asm;asmx</Extensions>
    </Filter>
    <Filter Include="Header Files">
      <UniqueIdentifier>{93995380-89BD-4b04-88EB-625FBE52EBFB}</UniqueIdentifier>
      <Extensions>h;hh;hpp;hxx;h++;hm;inl;inc;ipp;xsd</Extensions>
    </Filter>
    <Filter Include="Resource Files">
      <UniqueIdentifier>{67DA6AB6-F800-4c08-8B7A-83BB121AAD01}</UniqueIdentifier>
      <Extensions>rc;ico;cur;bmp;dlg;rc2;rct;bin;rgs;gif;jpg;jpeg;jpe;resx;tiff;tif;png;wav;mfcribbon-ms</Extensions>
    </Filter>
  </ItemGroup>
  <ItemGroup>
    <ClCompile Include="main.cpp">
      <Filter>Source Files</Filter>
    </ClCompile>
    <ClCompile Include="WRdataClass.cpp">
      <Filter>Source Files</Filter>
    </ClCompile>
    <ClCompile Include="tilesClass.cpp">
      <Filter>Source Files</Filter>
    </ClCompile>
    <ClCompile Include="mapClass.cpp">
      <Filter>Source Files</Filter>
    </ClCompile>
    <ClCompile Include="actor.cpp">
      <Filter>Source Files</Filter>
    </ClCompile>
    <ClCompile Include="actorManager.cpp">
      <Filter>Source Files</Filter>
    </ClCompile>
    <ClCompile Include="stageManager.cpp">
      <Filter>Source Files</Filter>
    </ClCompile>
    <ClCompile Include="game.cpp">
      <Filter>Source Files</Filter>
    </ClCompile>
    <ClCompile Include="TestFramework.cpp">
      <Filter>Source Files</Filter>
    </ClCompile>
    <ClCompile Include="grassTileClass.cpp">
      <Filter>Source Files</Filter>
    </ClCompile>
    <ClCompile Include="dirtTileClass.cpp">
      <Filter>Source Files</Filter>
    </ClCompile>
    <ClCompile Include="player.cpp">
      <Filter>Source Files</Filter>
    </ClCompile>
    <ClCompile Include="NetworkClient.cpp">
      <Filter>Source Files</Filter>
    </ClCompile>
    <ClCompile Include="NetworkServer.cpp">
      <Filter>Source Files</Filter>
    </ClCompile>
    <ClCompile Include="buttonClass.cpp">
      <Filter>Source Files</Filter>
    </ClCompile>
    <ClCompile Include="menuClass.cpp">
      <Filter>Source Files</Filter>
    </ClCompile>
    <ClCompile Include="gameEditorClass.cpp">
      <Filter>Source Files</Filter>
    </ClCompile>
    <ClCompile Include="controlManager.cpp">
      <Filter>Source Files</Filter>
    </ClCompile>
    <ClCompile Include="keyboardClass.cpp">
      <Filter>Source Files</Filter>
    </ClCompile>
    <ClCompile Include="cameraClass.cpp">
      <Filter>Source Files</Filter>
    </ClCompile>
    <ClCompile Include="staticButtonClass.cpp">
      <Filter>Source Files</Filter>
    </ClCompile>
    <ClCompile Include="panelEditorClass.cpp">
      <Filter>Source Files</Filter>
    </ClCompile>
    <ClCompile Include="objectsClass.cpp">
      <Filter>Source Files</Filter>
    </ClCompile>
    <ClCompile Include="swordClass.cpp">
      <Filter>Source Files</Filter>
    </ClCompile>
    <ClCompile Include="ColliderClass.cpp">
      <Filter>Source Files</Filter>
    </ClCompile>
    <ClCompile Include="colliderManager.cpp">
      <Filter>Source Files</Filter>
    </ClCompile>
    <ClCompile Include="basicBlock.cpp">
      <Filter>Source Files</Filter>
    </ClCompile>
  </ItemGroup>
  <ItemGroup>
    <ClInclude Include="player.h">
      <Filter>Header Files</Filter>
    </ClInclude>
    <ClInclude Include="WRdataClass.h">
      <Filter>Header Files</Filter>
    </ClInclude>
    <ClInclude Include="NetworkClient.h">
      <Filter>Header Files</Filter>
    </ClInclude>
    <ClInclude Include="NetworkServer.h">
      <Filter>Header Files</Filter>
    </ClInclude>
    <ClInclude Include="tilesClass.h">
      <Filter>Header Files</Filter>
    </ClInclude>
    <ClInclude Include="mapClass.h">
      <Filter>Header Files</Filter>
    </ClInclude>
    <ClInclude Include="actor.h">
      <Filter>Header Files</Filter>
    </ClInclude>
    <ClInclude Include="actorManager.h">
      <Filter>Header Files</Filter>
    </ClInclude>
    <ClInclude Include="stageManager.h">
      <Filter>Header Files</Filter>
    </ClInclude>
    <ClInclude Include="game.h">
      <Filter>Header Files</Filter>
    </ClInclude>
    <ClInclude Include="TestFramework.h">
      <Filter>Header Files</Filter>
    </ClInclude>
    <ClInclude Include="grassTileClass.h">
      <Filter>Header Files</Filter>
    </ClInclude>
    <ClInclude Include="dirtTileClass.h">
      <Filter>Header Files</Filter>
    </ClInclude>
    <ClInclude Include="buttonClass.h">
      <Filter>Header Files</Filter>
    </ClInclude>
    <ClInclude Include="menuClass.h">
      <Filter>Header Files</Filter>
    </ClInclude>
    <ClInclude Include="gameEditorClass.h">
      <Filter>Header Files</Filter>
    </ClInclude>
    <ClInclude Include="controlManager.h">
      <Filter>Header Files</Filter>
    </ClInclude>
    <ClInclude Include="keyboardClass.h">
      <Filter>Header Files</Filter>
    </ClInclude>
    <ClInclude Include="cameraClass.h">
      <Filter>Header Files</Filter>
    </ClInclude>
    <ClInclude Include="staticButtonClass.h">
      <Filter>Header Files</Filter>
    </ClInclude>
    <ClInclude Include="panelEditorClass.h">
      <Filter>Header Files</Filter>
    </ClInclude>
    <ClInclude Include="objectsClass.h">
      <Filter>Header Files</Filter>
    </ClInclude>
    <ClInclude Include="swordClass.h">
      <Filter>Header Files</Filter>
    </ClInclude>
    <ClInclude Include="ColliderClass.h">
      <Filter>Header Files</Filter>
    </ClInclude>
    <ClInclude Include="colliderManager.h">
      <Filter>Header Files</Filter>
    </ClInclude>
    <ClInclude Include="basicBlock.h">
      <Filter>Header Files</Filter>
    </ClInclude>
  </ItemGroup>
  <ItemGroup>
    <None Include="packages.config" />
  </ItemGroup>
</Project>